
Microsoft Visual Studio Solution File, Format Version 12.00
# Visual Studio 15
VisualStudioVersion = 15.0.27703.2042
MinimumVisualStudioVersion = 10.0.40219.1
Project("{FAE04EC0-301F-11D3-BF4B-00C04F79EFBC}") = "STM_TestDevice", "STM_TestDevice\STM_TestDevice.csproj", "{365F74DC-87CB-415B-922A-37BDE232BD85}"
EndProject
Project("{FAE04EC0-301F-11D3-BF4B-00C04F79EFBC}") = "WpfControlLibraryBat", "WpfControlLibraryBat\WpfControlLibraryBat.csproj", "{42198F67-A8E6-4CFF-ABB1-C509A8EDF562}"
EndProject
Global
	GlobalSection(SolutionConfigurationPlatforms) = preSolution
		Debug|Any CPU = Debug|Any CPU
		Release|Any CPU = Release|Any CPU
	EndGlobalSection
	GlobalSection(ProjectConfigurationPlatforms) = postSolution
		{365F74DC-87CB-415B-922A-37BDE232BD85}.Debug|Any CPU.ActiveCfg = Debug|Any CPU
		{365F74DC-87CB-415B-922A-37BDE232BD85}.Debug|Any CPU.Build.0 = Debug|Any CPU
		{365F74DC-87CB-415B-922A-37BDE232BD85}.Release|Any CPU.ActiveCfg = Release|Any CPU
		{365F74DC-87CB-415B-922A-37BDE232BD85}.Release|Any CPU.Build.0 = Release|Any CPU
		{42198F67-A8E6-4CFF-ABB1-C509A8EDF562}.Debug|Any CPU.ActiveCfg = Debug|Any CPU
		{42198F67-A8E6-4CFF-ABB1-C509A8EDF562}.Debug|Any CPU.Build.0 = Debug|Any CPU
		{42198F67-A8E6-4CFF-ABB1-C509A8EDF562}.Release|Any CPU.ActiveCfg = Release|Any CPU
		{42198F67-A8E6-4CFF-ABB1-C509A8EDF562}.Release|Any CPU.Build.0 = Release|Any CPU
	EndGlobalSection
	GlobalSection(SolutionProperties) = preSolution
		HideSolutionNode = FALSE
	EndGlobalSection
	GlobalSection(ExtensibilityGlobals) = postSolution
		SolutionGuid = {482BA769-1BE3-4D6D-8463-32534F9CA4D4}
	EndGlobalSection
EndGlobal
